
Microsoft Visual Studio Solution File, Format Version 12.00
# Visual Studio Version 17
VisualStudioVersion = 17.14.36127.28 d17.14
MinimumVisualStudioVersion = 10.0.40219.1
Project("{FAE04EC0-301F-11D3-BF4B-00C04F79EFBC}") = "ChatClient", "ChatClient\ChatClient.csproj", "{A782019F-752C-406D-AE96-3481C98D9BE0}"
EndProject
Project("{FAE04EC0-301F-11D3-BF4B-00C04F79EFBC}") = "ChatServer", "ChatServer\ChatServer.csproj", "{6736A2F8-3B4F-4EA9-B3F9-0393345E6D9F}"
EndProject
Global
	GlobalSection(SolutionConfigurationPlatforms) = preSolution
		Debug|Any CPU = Debug|Any CPU
		Release|Any CPU = Release|Any CPU
	EndGlobalSection
	GlobalSection(ProjectConfigurationPlatforms) = postSolution
		{A782019F-752C-406D-AE96-3481C98D9BE0}.Debug|Any CPU.ActiveCfg = Debug|Any CPU
		{A782019F-752C-406D-AE96-3481C98D9BE0}.Debug|Any CPU.Build.0 = Debug|Any CPU
		{A782019F-752C-406D-AE96-3481C98D9BE0}.Release|Any CPU.ActiveCfg = Release|Any CPU
		{A782019F-752C-406D-AE96-3481C98D9BE0}.Release|Any CPU.Build.0 = Release|Any CPU
		{6736A2F8-3B4F-4EA9-B3F9-0393345E6D9F}.Debug|Any CPU.ActiveCfg = Debug|Any CPU
		{6736A2F8-3B4F-4EA9-B3F9-0393345E6D9F}.Debug|Any CPU.Build.0 = Debug|Any CPU
		{6736A2F8-3B4F-4EA9-B3F9-0393345E6D9F}.Release|Any CPU.ActiveCfg = Release|Any CPU
		{6736A2F8-3B4F-4EA9-B3F9-0393345E6D9F}.Release|Any CPU.Build.0 = Release|Any CPU
	EndGlobalSection
	GlobalSection(SolutionProperties) = preSolution
		HideSolutionNode = FALSE
	EndGlobalSection
	GlobalSection(ExtensibilityGlobals) = postSolution
		SolutionGuid = {B2A2A980-2D0D-4C24-AA5E-E1691CDC1507}
	EndGlobalSection
EndGlobal
